
Microsoft Visual Studio Solution File, Format Version 12.00
# Visual Studio Version 17
VisualStudioVersion = 17.8.34525.116
MinimumVisualStudioVersion = 10.0.40219.1
Project("{8BC9CEB8-8B4A-11D0-8D11-00A0C91BC942}") = "puzzle2", "puzzle2\puzzle2.vcxproj", "{A1FA3057-4A8E-42DC-A9B9-BD7F28F18786}"
EndProject
Global
	GlobalSection(SolutionConfigurationPlatforms) = preSolution
		Debug|x64 = Debug|x64
		Release|x64 = Release|x64
	EndGlobalSection
	GlobalSection(ProjectConfigurationPlatforms) = postSolution
		{A1FA3057-4A8E-42DC-A9B9-BD7F28F18786}.Debug|x64.ActiveCfg = Debug|x64
		{A1FA3057-4A8E-42DC-A9B9-BD7F28F18786}.Debug|x64.Build.0 = Debug|x64
		{A1FA3057-4A8E-42DC-A9B9-BD7F28F18786}.Release|x64.ActiveCfg = Release|x64
		{A1FA3057-4A8E-42DC-A9B9-BD7F28F18786}.Release|x64.Build.0 = Release|x64
	EndGlobalSection
	GlobalSection(SolutionProperties) = preSolution
		HideSolutionNode = FALSE
	EndGlobalSection
	GlobalSection(ExtensibilityGlobals) = postSolution
		SolutionGuid = {BBB109BB-C9F4-47E1-BAA4-4E57196C4F57}
	EndGlobalSection
EndGlobal
