
Microsoft Visual Studio Solution File, Format Version 12.00
# Visual Studio Version 17
VisualStudioVersion = 17.8.34525.116
MinimumVisualStudioVersion = 10.0.40219.1
Project("{8BC9CEB8-8B4A-11D0-8D11-00A0C91BC942}") = "QtWidgetsApplication1", "QtWidgetsApplication1\QtWidgetsApplication1.vcxproj", "{1AF10639-ABED-48ED-AC0A-0AE1D6CCD382}"
EndProject
Global
	GlobalSection(SolutionConfigurationPlatforms) = preSolution
		Debug|x64 = Debug|x64
		Release|x64 = Release|x64
	EndGlobalSection
	GlobalSection(ProjectConfigurationPlatforms) = postSolution
		{1AF10639-ABED-48ED-AC0A-0AE1D6CCD382}.Debug|x64.ActiveCfg = Debug|x64
		{1AF10639-ABED-48ED-AC0A-0AE1D6CCD382}.Debug|x64.Build.0 = Debug|x64
		{1AF10639-ABED-48ED-AC0A-0AE1D6CCD382}.Release|x64.ActiveCfg = Release|x64
		{1AF10639-ABED-48ED-AC0A-0AE1D6CCD382}.Release|x64.Build.0 = Release|x64
	EndGlobalSection
	GlobalSection(SolutionProperties) = preSolution
		HideSolutionNode = FALSE
	EndGlobalSection
	GlobalSection(ExtensibilityGlobals) = postSolution
		SolutionGuid = {B729EBCD-C726-49AD-9EC9-193EB9AE0179}
	EndGlobalSection
EndGlobal
