
Microsoft Visual Studio Solution File, Format Version 12.00
# Visual Studio Version 17
VisualStudioVersion = 17.8.34525.116
MinimumVisualStudioVersion = 10.0.40219.1
Project("{8BC9CEB8-8B4A-11D0-8D11-00A0C91BC942}") = "2025-2-14", "2025-2-14\2025-2-14.vcxproj", "{0C304A43-ED68-4304-9D10-A79D3E67913D}"
EndProject
Global
	GlobalSection(SolutionConfigurationPlatforms) = preSolution
		Debug|x64 = Debug|x64
		Debug|x86 = Debug|x86
		Release|x64 = Release|x64
		Release|x86 = Release|x86
	EndGlobalSection
	GlobalSection(ProjectConfigurationPlatforms) = postSolution
		{0C304A43-ED68-4304-9D10-A79D3E67913D}.Debug|x64.ActiveCfg = Debug|x64
		{0C304A43-ED68-4304-9D10-A79D3E67913D}.Debug|x64.Build.0 = Debug|x64
		{0C304A43-ED68-4304-9D10-A79D3E67913D}.Debug|x86.ActiveCfg = Debug|Win32
		{0C304A43-ED68-4304-9D10-A79D3E67913D}.Debug|x86.Build.0 = Debug|Win32
		{0C304A43-ED68-4304-9D10-A79D3E67913D}.Release|x64.ActiveCfg = Release|x64
		{0C304A43-ED68-4304-9D10-A79D3E67913D}.Release|x64.Build.0 = Release|x64
		{0C304A43-ED68-4304-9D10-A79D3E67913D}.Release|x86.ActiveCfg = Release|Win32
		{0C304A43-ED68-4304-9D10-A79D3E67913D}.Release|x86.Build.0 = Release|Win32
	EndGlobalSection
	GlobalSection(SolutionProperties) = preSolution
		HideSolutionNode = FALSE
	EndGlobalSection
	GlobalSection(ExtensibilityGlobals) = postSolution
		SolutionGuid = {D0988884-43BC-473E-B25A-ECE900E7B36E}
	EndGlobalSection
EndGlobal
